
Microsoft Visual Studio Solution File, Format Version 12.00
# Visual Studio 15
VisualStudioVersion = 15.0.27130.2036
MinimumVisualStudioVersion = 10.0.40219.1
Project("{FAE04EC0-301F-11D3-BF4B-00C04F79EFBC}") = "RocketsAPI", "RocketsAPI\RocketsAPI.csproj", "{770B8360-9FEF-4EED-AA70-EC1292CD3DF4}"
EndProject
Global
	GlobalSection(SolutionConfigurationPlatforms) = preSolution
		Debug|Any CPU = Debug|Any CPU
		Release|Any CPU = Release|Any CPU
	EndGlobalSection
	GlobalSection(ProjectConfigurationPlatforms) = postSolution
		{770B8360-9FEF-4EED-AA70-EC1292CD3DF4}.Debug|Any CPU.ActiveCfg = Debug|Any CPU
		{770B8360-9FEF-4EED-AA70-EC1292CD3DF4}.Debug|Any CPU.Build.0 = Debug|Any CPU
		{770B8360-9FEF-4EED-AA70-EC1292CD3DF4}.Release|Any CPU.ActiveCfg = Release|Any CPU
		{770B8360-9FEF-4EED-AA70-EC1292CD3DF4}.Release|Any CPU.Build.0 = Release|Any CPU
	EndGlobalSection
	GlobalSection(SolutionProperties) = preSolution
		HideSolutionNode = FALSE
	EndGlobalSection
	GlobalSection(ExtensibilityGlobals) = postSolution
		SolutionGuid = {38BFE1AD-6557-44EA-9333-F1011A605907}
	EndGlobalSection
EndGlobal
